
Microsoft Visual Studio Solution File, Format Version 12.00
# Visual Studio Version 16
VisualStudioVersion = 16.0.30114.105
MinimumVisualStudioVersion = 10.0.40219.1
Project("{9A19103F-16F7-4668-BE54-9A1E7A4F7556}") = "CompanyEmployees", "CompanyEmployees.csproj", "{94DCCBD5-1621-4CDF-B575-0DBCCA95A28E}"
EndProject
Project("{9A19103F-16F7-4668-BE54-9A1E7A4F7556}") = "Contracts", "..\Contracts\Contracts.csproj", "{8C5F229D-DA3B-41D1-B99A-6602CB8A13A4}"
EndProject
Project("{9A19103F-16F7-4668-BE54-9A1E7A4F7556}") = "LoggerService", "..\LoggerService\LoggerService.csproj", "{F172ED04-71FE-4B11-A63E-30CD8F606D32}"
EndProject
Project("{FAE04EC0-301F-11D3-BF4B-00C04F79EFBC}") = "Entities", "..\Entities\Entities.csproj", "{8D2B7655-AD21-4328-A77D-EE5F4EA3B249}"
EndProject
Project("{FAE04EC0-301F-11D3-BF4B-00C04F79EFBC}") = "Repository", "..\Repository\Repository.csproj", "{46956ED4-56B0-4D0D-9EEE-3927874E5EE1}"
EndProject
Global
	GlobalSection(SolutionConfigurationPlatforms) = preSolution
		Debug|Any CPU = Debug|Any CPU
		Release|Any CPU = Release|Any CPU
	EndGlobalSection
	GlobalSection(ProjectConfigurationPlatforms) = postSolution
		{94DCCBD5-1621-4CDF-B575-0DBCCA95A28E}.Debug|Any CPU.ActiveCfg = Debug|Any CPU
		{94DCCBD5-1621-4CDF-B575-0DBCCA95A28E}.Debug|Any CPU.Build.0 = Debug|Any CPU
		{94DCCBD5-1621-4CDF-B575-0DBCCA95A28E}.Release|Any CPU.ActiveCfg = Release|Any CPU
		{94DCCBD5-1621-4CDF-B575-0DBCCA95A28E}.Release|Any CPU.Build.0 = Release|Any CPU
		{8C5F229D-DA3B-41D1-B99A-6602CB8A13A4}.Debug|Any CPU.ActiveCfg = Debug|Any CPU
		{8C5F229D-DA3B-41D1-B99A-6602CB8A13A4}.Debug|Any CPU.Build.0 = Debug|Any CPU
		{8C5F229D-DA3B-41D1-B99A-6602CB8A13A4}.Release|Any CPU.ActiveCfg = Release|Any CPU
		{8C5F229D-DA3B-41D1-B99A-6602CB8A13A4}.Release|Any CPU.Build.0 = Release|Any CPU
		{F172ED04-71FE-4B11-A63E-30CD8F606D32}.Debug|Any CPU.ActiveCfg = Debug|Any CPU
		{F172ED04-71FE-4B11-A63E-30CD8F606D32}.Debug|Any CPU.Build.0 = Debug|Any CPU
		{F172ED04-71FE-4B11-A63E-30CD8F606D32}.Release|Any CPU.ActiveCfg = Release|Any CPU
		{F172ED04-71FE-4B11-A63E-30CD8F606D32}.Release|Any CPU.Build.0 = Release|Any CPU
		{8D2B7655-AD21-4328-A77D-EE5F4EA3B249}.Debug|Any CPU.ActiveCfg = Debug|Any CPU
		{8D2B7655-AD21-4328-A77D-EE5F4EA3B249}.Debug|Any CPU.Build.0 = Debug|Any CPU
		{8D2B7655-AD21-4328-A77D-EE5F4EA3B249}.Release|Any CPU.ActiveCfg = Release|Any CPU
		{8D2B7655-AD21-4328-A77D-EE5F4EA3B249}.Release|Any CPU.Build.0 = Release|Any CPU
		{46956ED4-56B0-4D0D-9EEE-3927874E5EE1}.Debug|Any CPU.ActiveCfg = Debug|Any CPU
		{46956ED4-56B0-4D0D-9EEE-3927874E5EE1}.Debug|Any CPU.Build.0 = Debug|Any CPU
		{46956ED4-56B0-4D0D-9EEE-3927874E5EE1}.Release|Any CPU.ActiveCfg = Release|Any CPU
		{46956ED4-56B0-4D0D-9EEE-3927874E5EE1}.Release|Any CPU.Build.0 = Release|Any CPU
	EndGlobalSection
	GlobalSection(SolutionProperties) = preSolution
		HideSolutionNode = FALSE
	EndGlobalSection
	GlobalSection(ExtensibilityGlobals) = postSolution
		SolutionGuid = {175C5FA5-141C-4972-810D-19E9234C6FC1}
	EndGlobalSection
EndGlobal
